
Microsoft Visual Studio Solution File, Format Version 12.00
# Visual Studio 15
VisualStudioVersion = 15.0.28307.271
MinimumVisualStudioVersion = 10.0.40219.1
Project("{FAE04EC0-301F-11D3-BF4B-00C04F79EFBC}") = "Login and Password", "Login and Password\Login and Password.csproj", "{9BF1EE15-E245-4AE7-B5D4-718DEFB10BA8}"
EndProject
Global
	GlobalSection(SolutionConfigurationPlatforms) = preSolution
		Debug|Any CPU = Debug|Any CPU
		Release|Any CPU = Release|Any CPU
	EndGlobalSection
	GlobalSection(ProjectConfigurationPlatforms) = postSolution
		{9BF1EE15-E245-4AE7-B5D4-718DEFB10BA8}.Debug|Any CPU.ActiveCfg = Debug|Any CPU
		{9BF1EE15-E245-4AE7-B5D4-718DEFB10BA8}.Debug|Any CPU.Build.0 = Debug|Any CPU
		{9BF1EE15-E245-4AE7-B5D4-718DEFB10BA8}.Release|Any CPU.ActiveCfg = Release|Any CPU
		{9BF1EE15-E245-4AE7-B5D4-718DEFB10BA8}.Release|Any CPU.Build.0 = Release|Any CPU
	EndGlobalSection
	GlobalSection(SolutionProperties) = preSolution
		HideSolutionNode = FALSE
	EndGlobalSection
	GlobalSection(ExtensibilityGlobals) = postSolution
		SolutionGuid = {37DE6584-F6FD-4B24-95AD-6FDE4BBBBC6B}
	EndGlobalSection
EndGlobal
